
Microsoft Visual Studio Solution File, Format Version 12.00
# Visual Studio Version 17
VisualStudioVersion = 17.11.35222.181
MinimumVisualStudioVersion = 10.0.40219.1
Project("{FAE04EC0-301F-11D3-BF4B-00C04F79EFBC}") = "PantheonSupportTool", "PantheonSupportTool\PantheonSupportTool.csproj", "{75A56411-ED39-4E71-8088-FA4732F2EADC}"
EndProject
Global
	GlobalSection(SolutionConfigurationPlatforms) = preSolution
		Debug|Any CPU = Debug|Any CPU
		Release|Any CPU = Release|Any CPU
	EndGlobalSection
	GlobalSection(ProjectConfigurationPlatforms) = postSolution
		{75A56411-ED39-4E71-8088-FA4732F2EADC}.Debug|Any CPU.ActiveCfg = Debug|Any CPU
		{75A56411-ED39-4E71-8088-FA4732F2EADC}.Debug|Any CPU.Build.0 = Debug|Any CPU
		{75A56411-ED39-4E71-8088-FA4732F2EADC}.Release|Any CPU.ActiveCfg = Release|Any CPU
		{75A56411-ED39-4E71-8088-FA4732F2EADC}.Release|Any CPU.Build.0 = Release|Any CPU
	EndGlobalSection
	GlobalSection(SolutionProperties) = preSolution
		HideSolutionNode = FALSE
	EndGlobalSection
	GlobalSection(ExtensibilityGlobals) = postSolution
		SolutionGuid = {1F993F04-1A7C-4396-81A5-976B66B4C7F1}
	EndGlobalSection
EndGlobal
